
Microsoft Visual Studio Solution File, Format Version 12.00
# Visual Studio Version 17
VisualStudioVersion = 17.14.36414.22 d17.14
MinimumVisualStudioVersion = 10.0.40219.1
Project("{FAE04EC0-301F-11D3-BF4B-00C04F79EFBC}") = "Pinger", "Pinger.csproj", "{239F8489-5A6A-43BD-8B19-65613B29A05C}"
EndProject
Global
	GlobalSection(SolutionConfigurationPlatforms) = preSolution
		Debug|Any CPU = Debug|Any CPU
		Release|Any CPU = Release|Any CPU
	EndGlobalSection
	GlobalSection(ProjectConfigurationPlatforms) = postSolution
		{239F8489-5A6A-43BD-8B19-65613B29A05C}.Debug|Any CPU.ActiveCfg = Debug|Any CPU
		{239F8489-5A6A-43BD-8B19-65613B29A05C}.Debug|Any CPU.Build.0 = Debug|Any CPU
		{239F8489-5A6A-43BD-8B19-65613B29A05C}.Release|Any CPU.ActiveCfg = Release|Any CPU
		{239F8489-5A6A-43BD-8B19-65613B29A05C}.Release|Any CPU.Build.0 = Release|Any CPU
	EndGlobalSection
	GlobalSection(SolutionProperties) = preSolution
		HideSolutionNode = FALSE
	EndGlobalSection
	GlobalSection(ExtensibilityGlobals) = postSolution
		SolutionGuid = {F22983E4-73DB-4B42-A674-F72D47DC8069}
	EndGlobalSection
EndGlobal
